
Microsoft Visual Studio Solution File, Format Version 12.00
# Visual Studio Version 17
VisualStudioVersion = 17.3.32811.315
MinimumVisualStudioVersion = 10.0.40219.1
Project("{FAE04EC0-301F-11D3-BF4B-00C04F79EFBC}") = "LargestNumber", "LargestNumber.csproj", "{69CAD46B-761C-46C9-B8EB-4A4377A3BBF8}"
EndProject
Global
	GlobalSection(SolutionConfigurationPlatforms) = preSolution
		Debug|Any CPU = Debug|Any CPU
		Release|Any CPU = Release|Any CPU
	EndGlobalSection
	GlobalSection(ProjectConfigurationPlatforms) = postSolution
		{69CAD46B-761C-46C9-B8EB-4A4377A3BBF8}.Debug|Any CPU.ActiveCfg = Debug|Any CPU
		{69CAD46B-761C-46C9-B8EB-4A4377A3BBF8}.Debug|Any CPU.Build.0 = Debug|Any CPU
		{69CAD46B-761C-46C9-B8EB-4A4377A3BBF8}.Release|Any CPU.ActiveCfg = Release|Any CPU
		{69CAD46B-761C-46C9-B8EB-4A4377A3BBF8}.Release|Any CPU.Build.0 = Release|Any CPU
	EndGlobalSection
	GlobalSection(SolutionProperties) = preSolution
		HideSolutionNode = FALSE
	EndGlobalSection
	GlobalSection(ExtensibilityGlobals) = postSolution
		SolutionGuid = {7ECF814F-61CD-45E8-8A6B-1EA5C0BC2B0F}
	EndGlobalSection
EndGlobal
